
Microsoft Visual Studio Solution File, Format Version 12.00
# Visual Studio Version 17
VisualStudioVersion = 17.2.32526.322
MinimumVisualStudioVersion = 10.0.40219.1
Project("{9A19103F-16F7-4668-BE54-9A1E7A4F7556}") = "WebApi.Core", "WebApi.Core\WebApi.Core.csproj", "{CD8D7B8C-0CD0-429B-A325-420E696979AF}"
EndProject
Project("{9A19103F-16F7-4668-BE54-9A1E7A4F7556}") = "WebApi.Repository", "WebApi.Repository\WebApi.Repository.csproj", "{E9CBC8E3-AF59-4674-B20C-F5678B5C0864}"
EndProject
Project("{9A19103F-16F7-4668-BE54-9A1E7A4F7556}") = "WebApi.Service", "Service\WebApi.Service.csproj", "{0F7D520B-F8D4-4780-8C6F-4A33837140FE}"
EndProject
Project("{9A19103F-16F7-4668-BE54-9A1E7A4F7556}") = "WebApi.Demo2", "WebApi.Demo2\WebApi.Demo2.csproj", "{20FDBD07-8C0C-479A-AC19-A6C44427FCA3}"
EndProject
Project("{FAE04EC0-301F-11D3-BF4B-00C04F79EFBC}") = "WebApi.Validation", "WebApi.Validator\WebApi.Validation.csproj", "{87A96884-29AE-4279-8F34-99FFA56A55D2}"
EndProject
Global
	GlobalSection(SolutionConfigurationPlatforms) = preSolution
		Debug|Any CPU = Debug|Any CPU
		Release|Any CPU = Release|Any CPU
	EndGlobalSection
	GlobalSection(ProjectConfigurationPlatforms) = postSolution
		{CD8D7B8C-0CD0-429B-A325-420E696979AF}.Debug|Any CPU.ActiveCfg = Debug|Any CPU
		{CD8D7B8C-0CD0-429B-A325-420E696979AF}.Debug|Any CPU.Build.0 = Debug|Any CPU
		{CD8D7B8C-0CD0-429B-A325-420E696979AF}.Release|Any CPU.ActiveCfg = Release|Any CPU
		{CD8D7B8C-0CD0-429B-A325-420E696979AF}.Release|Any CPU.Build.0 = Release|Any CPU
		{E9CBC8E3-AF59-4674-B20C-F5678B5C0864}.Debug|Any CPU.ActiveCfg = Debug|Any CPU
		{E9CBC8E3-AF59-4674-B20C-F5678B5C0864}.Debug|Any CPU.Build.0 = Debug|Any CPU
		{E9CBC8E3-AF59-4674-B20C-F5678B5C0864}.Release|Any CPU.ActiveCfg = Release|Any CPU
		{E9CBC8E3-AF59-4674-B20C-F5678B5C0864}.Release|Any CPU.Build.0 = Release|Any CPU
		{0F7D520B-F8D4-4780-8C6F-4A33837140FE}.Debug|Any CPU.ActiveCfg = Debug|Any CPU
		{0F7D520B-F8D4-4780-8C6F-4A33837140FE}.Debug|Any CPU.Build.0 = Debug|Any CPU
		{0F7D520B-F8D4-4780-8C6F-4A33837140FE}.Release|Any CPU.ActiveCfg = Release|Any CPU
		{0F7D520B-F8D4-4780-8C6F-4A33837140FE}.Release|Any CPU.Build.0 = Release|Any CPU
		{20FDBD07-8C0C-479A-AC19-A6C44427FCA3}.Debug|Any CPU.ActiveCfg = Debug|Any CPU
		{20FDBD07-8C0C-479A-AC19-A6C44427FCA3}.Debug|Any CPU.Build.0 = Debug|Any CPU
		{20FDBD07-8C0C-479A-AC19-A6C44427FCA3}.Release|Any CPU.ActiveCfg = Release|Any CPU
		{20FDBD07-8C0C-479A-AC19-A6C44427FCA3}.Release|Any CPU.Build.0 = Release|Any CPU
		{87A96884-29AE-4279-8F34-99FFA56A55D2}.Debug|Any CPU.ActiveCfg = Debug|Any CPU
		{87A96884-29AE-4279-8F34-99FFA56A55D2}.Debug|Any CPU.Build.0 = Debug|Any CPU
		{87A96884-29AE-4279-8F34-99FFA56A55D2}.Release|Any CPU.ActiveCfg = Release|Any CPU
		{87A96884-29AE-4279-8F34-99FFA56A55D2}.Release|Any CPU.Build.0 = Release|Any CPU
	EndGlobalSection
	GlobalSection(SolutionProperties) = preSolution
		HideSolutionNode = FALSE
	EndGlobalSection
	GlobalSection(ExtensibilityGlobals) = postSolution
		SolutionGuid = {B36F8B6C-885B-4847-8455-A13E6DFBF9A7}
	EndGlobalSection
EndGlobal
